
Microsoft Visual Studio Solution File, Format Version 12.00
# Visual Studio Version 16
VisualStudioVersion = 16.0.30204.135
MinimumVisualStudioVersion = 10.0.40219.1
Project("{9A19103F-16F7-4668-BE54-9A1E7A4F7556}") = "topcoderattempt1", "topcoderattempt1\topcoderattempt1.csproj", "{F9506BA1-DF0F-4086-A2AB-A556D6DC8FB8}"
EndProject
Project("{FAE04EC0-301F-11D3-BF4B-00C04F79EFBC}") = "XUnitTestProject1", "XUnitTestProject1\XUnitTestProject1.csproj", "{5B7539BF-8AD1-4E77-BFC1-DF5727F3629B}"
EndProject
Global
	GlobalSection(SolutionConfigurationPlatforms) = preSolution
		Debug|Any CPU = Debug|Any CPU
		Release|Any CPU = Release|Any CPU
	EndGlobalSection
	GlobalSection(ProjectConfigurationPlatforms) = postSolution
		{F9506BA1-DF0F-4086-A2AB-A556D6DC8FB8}.Debug|Any CPU.ActiveCfg = Debug|Any CPU
		{F9506BA1-DF0F-4086-A2AB-A556D6DC8FB8}.Debug|Any CPU.Build.0 = Debug|Any CPU
		{F9506BA1-DF0F-4086-A2AB-A556D6DC8FB8}.Release|Any CPU.ActiveCfg = Release|Any CPU
		{F9506BA1-DF0F-4086-A2AB-A556D6DC8FB8}.Release|Any CPU.Build.0 = Release|Any CPU
		{5B7539BF-8AD1-4E77-BFC1-DF5727F3629B}.Debug|Any CPU.ActiveCfg = Debug|Any CPU
		{5B7539BF-8AD1-4E77-BFC1-DF5727F3629B}.Debug|Any CPU.Build.0 = Debug|Any CPU
		{5B7539BF-8AD1-4E77-BFC1-DF5727F3629B}.Release|Any CPU.ActiveCfg = Release|Any CPU
		{5B7539BF-8AD1-4E77-BFC1-DF5727F3629B}.Release|Any CPU.Build.0 = Release|Any CPU
	EndGlobalSection
	GlobalSection(SolutionProperties) = preSolution
		HideSolutionNode = FALSE
	EndGlobalSection
	GlobalSection(ExtensibilityGlobals) = postSolution
		SolutionGuid = {7F158BF6-2C0C-49A3-B0A2-213486675F9C}
	EndGlobalSection
EndGlobal
